// !$*UTF8*$!
{
	archiveVersion = 1;
	classes = {
	};
	objectVersion = 48;
	objects = {

/* Begin PBXBuildFile section */
		1828B17E23B05A6A00217927 /* AppDelegate.swift in Sources */ = {isa = PBXBuildFile; fileRef = 1828B17D23B05A6A00217927 /* AppDelegate.swift */; };
		1828B18023B05A6A00217927 /* SceneDelegate.swift in Sources */ = {isa = PBXBuildFile; fileRef = 1828B17F23B05A6A00217927 /* SceneDelegate.swift */; };
		1828B18223B05A6A00217927 /* ViewController.swift in Sources */ = {isa = PBXBuildFile; fileRef = 1828B18123B05A6A00217927 /* ViewController.swift */; };
		1828B18523B05A6A00217927 /* Main.storyboard in Resources */ = {isa = PBXBuildFile; fileRef = 1828B18323B05A6A00217927 /* Main.storyboard */; };
		1828B18723B05A6E00217927 /* Assets.xcassets in Resources */ = {isa = PBXBuildFile; fileRef = 1828B18623B05A6E00217927 /* Assets.xcassets */; };
		1828B18A23B05A6E00217927 /* LaunchScreen.storyboard in Resources */ = {isa = PBXBuildFile; fileRef = 1828B18823B05A6E00217927 /* LaunchScreen.storyboard */; };
		1828B19223B05B6500217927 /* TabViewController.swift in Sources */ = {isa = PBXBuildFile; fileRef = 1828B19123B05B6500217927 /* TabViewController.swift */; };
		1828B19423B05CC800217927 /* CustomCell.swift in Sources */ = {isa = PBXBuildFile; fileRef = 1828B19323B05CC800217927 /* CustomCell.swift */; };
		1828B19623B05D0200217927 /* News.swift in Sources */ = {isa = PBXBuildFile; fileRef = 1828B19523B05D0200217927 /* News.swift */; };
		1828B19A23B06AFA00217927 /* Download.swift in Sources */ = {isa = PBXBuildFile; fileRef = 1828B19923B06AFA00217927 /* Download.swift */; };
		3528436C23B128D700A02897 /* DetailViewController.swift in Sources */ = {isa = PBXBuildFile; fileRef = 3528436B23B128D700A02897 /* DetailViewController.swift */; };
/* End PBXBuildFile section */

/* Begin PBXFileReference section */
		1828B17A23B05A6A00217927 /* NJUhr.app */ = {isa = PBXFileReference; explicitFileType = wrapper.application; includeInIndex = 0; path = NJUhr.app; sourceTree = BUILT_PRODUCTS_DIR; };
		1828B17D23B05A6A00217927 /* AppDelegate.swift */ = {isa = PBXFileReference; lastKnownFileType = sourcecode.swift; path = AppDelegate.swift; sourceTree = "<group>"; };
		1828B17F23B05A6A00217927 /* SceneDelegate.swift */ = {isa = PBXFileReference; lastKnownFileType = sourcecode.swift; path = SceneDelegate.swift; sourceTree = "<group>"; };
		1828B18123B05A6A00217927 /* ViewController.swift */ = {isa = PBXFileReference; lastKnownFileType = sourcecode.swift; path = ViewController.swift; sourceTree = "<group>"; };
		1828B18423B05A6A00217927 /* Base */ = {isa = PBXFileReference; lastKnownFileType = file.storyboard; name = Base; path = Base.lproj/Main.storyboard; sourceTree = "<group>"; };
		1828B18623B05A6E00217927 /* Assets.xcassets */ = {isa = PBXFileReference; lastKnownFileType = folder.assetcatalog; path = Assets.xcassets; sourceTree = "<group>"; };
		1828B18923B05A6E00217927 /* Base */ = {isa = PBXFileReference; lastKnownFileType = file.storyboard; name = Base; path = Base.lproj/LaunchScreen.storyboard; sourceTree = "<group>"; };
		1828B18B23B05A6E00217927 /* Info.plist */ = {isa = PBXFileReference; lastKnownFileType = text.plist.xml; path = Info.plist; sourceTree = "<group>"; };
		1828B19123B05B6500217927 /* TabViewController.swift */ = {isa = PBXFileReference; lastKnownFileType = sourcecode.swift; path = TabViewController.swift; sourceTree = "<group>"; };
		1828B19323B05CC800217927 /* CustomCell.swift */ = {isa = PBXFileReference; lastKnownFileType = sourcecode.swift; path = CustomCell.swift; sourceTree = "<group>"; };
		1828B19523B05D0200217927 /* News.swift */ = {isa = PBXFileReference; lastKnownFileType = sourcecode.swift; path = News.swift; sourceTree = "<group>"; };
		1828B19923B06AFA00217927 /* Download.swift */ = {isa = PBXFileReference; lastKnownFileType = sourcecode.swift; path = Download.swift; sourceTree = "<group>"; };
		3528436B23B128D700A02897 /* DetailViewController.swift */ = {isa = PBXFileReference; lastKnownFileType = sourcecode.swift; path = DetailViewController.swift; sourceTree = "<group>"; };
/* End PBXFileReference section */

/* Begin PBXFrameworksBuildPhase section */
		1828B17723B05A6A00217927 /* Frameworks */ = {
			isa = PBXFrameworksBuildPhase;
			buildActionMask = 2147483647;
			files = (
			);
			runOnlyForDeploymentPostprocessing = 0;
		};
/* End PBXFrameworksBuildPhase section */

/* Begin PBXGroup section */
		1828B17123B05A6A00217927 = {
			isa = PBXGroup;
			children = (
				1828B17C23B05A6A00217927 /* NJUhr */,
				1828B17B23B05A6A00217927 /* Products */,
			);
			sourceTree = "<group>";
		};
		1828B17B23B05A6A00217927 /* Products */ = {
			isa = PBXGroup;
			children = (
				1828B17A23B05A6A00217927 /* NJUhr.app */,
			);
			name = Products;
			sourceTree = "<group>";
		};
		1828B17C23B05A6A00217927 /* NJUhr */ = {
			isa = PBXGroup;
			children = (
				1828B17D23B05A6A00217927 /* AppDelegate.swift */,
				1828B17F23B05A6A00217927 /* SceneDelegate.swift */,
				1828B18123B05A6A00217927 /* ViewController.swift */,
				1828B19123B05B6500217927 /* TabViewController.swift */,
				1828B19323B05CC800217927 /* CustomCell.swift */,
				1828B19523B05D0200217927 /* News.swift */,
				1828B19923B06AFA00217927 /* Download.swift */,
				3528436B23B128D700A02897 /* DetailViewController.swift */,
				1828B18323B05A6A00217927 /* Main.storyboard */,
				1828B18623B05A6E00217927 /* Assets.xcassets */,
				1828B18823B05A6E00217927 /* LaunchScreen.storyboard */,
				1828B18B23B05A6E00217927 /* Info.plist */,
			);
			path = NJUhr;
			sourceTree = "<group>";
		};
/* End PBXGroup section */

/* Begin PBXNativeTarget section */
		1828B17923B05A6A00217927 /* NJUhr */ = {
			isa = PBXNativeTarget;
			buildConfigurationList = 1828B18E23B05A6E00217927 /* Build configuration list for PBXNativeTarget "NJUhr" */;
			buildPhases = (
				1828B17623B05A6A00217927 /* Sources */,
				1828B17723B05A6A00217927 /* Frameworks */,
				1828B17823B05A6A00217927 /* Resources */,
			);
			buildRules = (
			);
			dependencies = (
			);
			name = NJUhr;
			productName = NJUhr;
			productReference = 1828B17A23B05A6A00217927 /* NJUhr.app */;
			productType = "com.apple.product-type.application";
		};
/* End PBXNativeTarget section */

/* Begin PBXProject section */
		1828B17223B05A6A00217927 /* Project object */ = {
			isa = PBXProject;
			attributes = {
				LastSwiftUpdateCheck = 1110;
				LastUpgradeCheck = 1110;
				ORGANIZATIONNAME = 437.Inc;
				TargetAttributes = {
					1828B17923B05A6A00217927 = {
						CreatedOnToolsVersion = 11.1;
						ProvisioningStyle = Automatic;
					};
				};
			};
			buildConfigurationList = 1828B17523B05A6A00217927 /* Build configuration list for PBXProject "NJUhr" */;
			compatibilityVersion = "Xcode 8.0";
			developmentRegion = en;
			hasScannedForEncodings = 0;
			knownRegions = (
				en,
				Base,
			);
			mainGroup = 1828B17123B05A6A00217927;
			productRefGroup = 1828B17B23B05A6A00217927 /* Products */;
			projectDirPath = "";
			projectRoot = "";
			targets = (
				1828B17923B05A6A00217927 /* NJUhr */,
			);
		};
/* End PBXProject section */

/* Begin PBXResourcesBuildPhase section */
		1828B17823B05A6A00217927 /* Resources */ = {
			isa = PBXResourcesBuildPhase;
			buildActionMask = 2147483647;
			files = (
				1828B18A23B05A6E00217927 /* LaunchScreen.storyboard in Resources */,
				1828B18723B05A6E00217927 /* Assets.xcassets in Resources */,
				1828B18523B05A6A00217927 /* Main.storyboard in Resources */,
			);
			runOnlyForDeploymentPostprocessing = 0;
		};
/* End PBXResourcesBuildPhase section */

/* Begin PBXSourcesBuildPhase section */
		1828B17623B05A6A00217927 /* Sources */ = {
			isa = PBXSourcesBuildPhase;
			buildActionMask = 2147483647;
			files = (
				1828B19623B05D0200217927 /* News.swift in Sources */,
				1828B18223B05A6A00217927 /* ViewController.swift in Sources */,
				1828B17E23B05A6A00217927 /* AppDelegate.swift in Sources */,
				1828B19423B05CC800217927 /* CustomCell.swift in Sources */,
				1828B18023B05A6A00217927 /* SceneDelegate.swift in Sources */,
				1828B19A23B06AFA00217927 /* Download.swift in Sources */,
				1828B19223B05B6500217927 /* TabViewController.swift in Sources */,
				3528436C23B128D700A02897 /* DetailViewController.swift in Sources */,
			);
			runOnlyForDeploymentPostprocessing = 0;
		};
/* End PBXSourcesBuildPhase section */

/* Begin PBXVariantGroup section */
		1828B18323B05A6A00217927 /* Main.storyboard */ = {
			isa = PBXVariantGroup;
			children = (
				1828B18423B05A6A00217927 /* Base */,
			);
			name = Main.storyboard;
			sourceTree = "<group>";
		};
		1828B18823B05A6E00217927 /* LaunchScreen.storyboard */ = {
			isa = PBXVariantGroup;
			children = (
				1828B18923B05A6E00217927 /* Base */,
			);
			name = LaunchScreen.storyboard;
			sourceTree = "<group>";
		};
/* End PBXVariantGroup section */

/* Begin XCBuildConfiguration section */
		1828B18C23B05A6E00217927 /* Debug */ = {
			isa = XCBuildConfiguration;
			buildSettings = {
				ALWAYS_SEARCH_USER_PATHS = NO;
				CLANG_ANALYZER_NONNULL = YES;
				CLANG_ANALYZER_NUMBER_OBJECT_CONVERSION = YES_AGGRESSIVE;
				CLANG_CXX_LANGUAGE_STANDARD = "gnu++14";
				CLANG_CXX_LIBRARY = "libc++";
				CLANG_ENABLE_MODULES = YES;
				CLANG_ENABLE_OBJC_ARC = YES;
				CLANG_ENABLE_OBJC_WEAK = YES;
				CLANG_WARN_BLOCK_CAPTURE_AUTORELEASING = YES;
				CLANG_WARN_BOOL_CONVERSION = YES;
				CLANG_WARN_COMMA = YES;
				CLANG_WARN_CONSTANT_CONVERSION = YES;
				CLANG_WARN_DEPRECATED_OBJC_IMPLEMENTATIONS = YES;
				CLANG_WARN_DIRECT_OBJC_ISA_USAGE = YES_ERROR;
				CLANG_WARN_DOCUMENTATION_COMMENTS = YES;
				CLANG_WARN_EMPTY_BODY = YES;
				CLANG_WARN_ENUM_CONVERSION = YES;
				CLANG_WARN_INFINITE_RECURSION = YES;
				CLANG_WARN_INT_CONVERSION = YES;
				CLANG_WARN_NON_LITERAL_NULL_CONVERSION = YES;
				CLANG_WARN_OBJC_IMPLICIT_RETAIN_SELF = YES;
				CLANG_WARN_OBJC_LITERAL_CONVERSION = YES;
				CLANG_WARN_OBJC_ROOT_CLASS = YES_ERROR;
				CLANG_WARN_RANGE_LOOP_ANALYSIS = YES;
				CLANG_WARN_STRICT_PROTOTYPES = YES;
				CLANG_WARN_SUSPICIOUS_MOVE = YES;
				CLANG_WARN_UNGUARDED_AVAILABILITY = YES_AGGRESSIVE;
				CLANG_WARN_UNREACHABLE_CODE = YES;
				CLANG_WARN__DUPLICATE_METHOD_MATCH = YES;
				COPY_PHASE_STRIP = NO;
				DEBUG_INFORMATION_FORMAT = dwarf;
				ENABLE_STRICT_OBJC_MSGSEND = YES;
				ENABLE_TESTABILITY = YES;
				FRAMEWORK_SEARCH_PATHS = "${SRCROOT}/**";
				GCC_C_LANGUAGE_STANDARD = gnu11;
				GCC_DYNAMIC_NO_PIC = NO;
				GCC_NO_COMMON_BLOCKS = YES;
				GCC_OPTIMIZATION_LEVEL = 0;
				GCC_PREPROCESSOR_DEFINITIONS = (
					"DEBUG=1",
					"$(inherited)",
				);
				GCC_WARN_64_TO_32_BIT_CONVERSION = YES;
				GCC_WARN_ABOUT_RETURN_TYPE = YES_ERROR;
				GCC_WARN_UNDECLARED_SELECTOR = YES;
				GCC_WARN_UNINITIALIZED_AUTOS = YES_AGGRESSIVE;
				GCC_WARN_UNUSED_FUNCTION = YES;
				GCC_WARN_UNUSED_VARIABLE = YES;
				IPHONEOS_DEPLOYMENT_TARGET = 13.1;
				LIBRARY_SEARCH_PATHS = "${SRCROOT}/**";
				MTL_ENABLE_DEBUG_INFO = INCLUDE_SOURCE;
				MTL_FAST_MATH = YES;
				ONLY_ACTIVE_ARCH = YES;
				SDKROOT = iphoneos;
				SWIFT_ACTIVE_COMPILATION_CONDITIONS = DEBUG;
				SWIFT_OPTIMIZATION_LEVEL = "-Onone";
				USER_HEADER_SEARCH_PATHS = "${SRCROOT}/**";
				"USER_HEADER_SEARCH_PATHS[arch=*]" = "";
			};
			name = Debug;
		};
		1828B18D23B05A6E00217927 /* Release */ = {
			isa = XCBuildConfiguration;
			buildSettings = {
				ALWAYS_SEARCH_USER_PATHS = NO;
				CLANG_ANALYZER_NONNULL = YES;
				CLANG_ANALYZER_NUMBER_OBJECT_CONVERSION = YES_AGGRESSIVE;
				CLANG_CXX_LANGUAGE_STANDARD = "gnu++14";
				CLANG_CXX_LIBRARY = "libc++";
				CLANG_ENABLE_MODULES = YES;
				CLANG_ENABLE_OBJC_ARC = YES;
				CLANG_ENABLE_OBJC_WEAK = YES;
				CLANG_WARN_BLOCK_CAPTURE_AUTORELEASING = YES;
				CLANG_WARN_BOOL_CONVERSION = YES;
				CLANG_WARN_COMMA = YES;
				CLANG_WARN_CONSTANT_CONVERSION = YES;
				CLANG_WARN_DEPRECATED_OBJC_IMPLEMENTATIONS = YES;
				CLANG_WARN_DIRECT_OBJC_ISA_USAGE = YES_ERROR;
				CLANG_WARN_DOCUMENTATION_COMMENTS = YES;
				CLANG_WARN_EMPTY_BODY = YES;
				CLANG_WARN_ENUM_CONVERSION = YES;
				CLANG_WARN_INFINITE_RECURSION = YES;
				CLANG_WARN_INT_CONVERSION = YES;
				CLANG_WARN_NON_LITERAL_NULL_CONVERSION = YES;
				CLANG_WARN_OBJC_IMPLICIT_RETAIN_SELF = YES;
				CLANG_WARN_OBJC_LITERAL_CONVERSION = YES;
				CLANG_WARN_OBJC_ROOT_CLASS = YES_ERROR;
				CLANG_WARN_RANGE_LOOP_ANALYSIS = YES;
				CLANG_WARN_STRICT_PROTOTYPES = YES;
				CLANG_WARN_SUSPICIOUS_MOVE = YES;
				CLANG_WARN_UNGUARDED_AVAILABILITY = YES_AGGRESSIVE;
				CLANG_WARN_UNREACHABLE_CODE = YES;
				CLANG_WARN__DUPLICATE_METHOD_MATCH = YES;
				COPY_PHASE_STRIP = NO;
				DEBUG_INFORMATION_FORMAT = "dwarf-with-dsym";
				ENABLE_NS_ASSERTIONS = NO;
				ENABLE_STRICT_OBJC_MSGSEND = YES;
				FRAMEWORK_SEARCH_PATHS = "${SRCROOT}/**";
				GCC_C_LANGUAGE_STANDARD = gnu11;
				GCC_NO_COMMON_BLOCKS = YES;
				GCC_WARN_64_TO_32_BIT_CONVERSION = YES;
				GCC_WARN_ABOUT_RETURN_TYPE = YES_ERROR;
				GCC_WARN_UNDECLARED_SELECTOR = YES;
				GCC_WARN_UNINITIALIZED_AUTOS = YES_AGGRESSIVE;
				GCC_WARN_UNUSED_FUNCTION = YES;
				GCC_WARN_UNUSED_VARIABLE = YES;
				IPHONEOS_DEPLOYMENT_TARGET = 13.1;
				LIBRARY_SEARCH_PATHS = "${SRCROOT}/**";
				MTL_ENABLE_DEBUG_INFO = NO;
				MTL_FAST_MATH = YES;
				SDKROOT = iphoneos;
				SWIFT_OPTIMIZATION_LEVEL = "-Owholemodule";
				USER_HEADER_SEARCH_PATHS = "${SRCROOT}/**";
				VALIDATE_PRODUCT = YES;
			};
			name = Release;
		};
		1828B18F23B05A6E00217927 /* Debug */ = {
			isa = XCBuildConfiguration;
			buildSettings = {
				ASSETCATALOG_COMPILER_APPICON_NAME = AppIcon;
				CODE_SIGN_STYLE = Automatic;
				DEVELOPMENT_TEAM = EF35XVWC37;
				INFOPLIST_FILE = NJUhr/Info.plist;
				LD_RUNPATH_SEARCH_PATHS = "$(inherited) @executable_path/Frameworks";
				LIBRARY_SEARCH_PATHS = (
					"<Multiple",
					"values>",
					"${SRCROOT}/**",
				);
				OTHER_LDFLAGS = "$(inherited)";
				PRODUCT_BUNDLE_IDENTIFIER = cn.edu.nju.NJUhr;
				PRODUCT_NAME = "$(TARGET_NAME)";
				SWIFT_VERSION = 5.0;
				TARGETED_DEVICE_FAMILY = "1,2";
				USER_HEADER_SEARCH_PATHS = "${SRCROOT}/**";
			};
			name = Debug;
		};
		1828B19023B05A6E00217927 /* Release */ = {
			isa = XCBuildConfiguration;
			buildSettings = {
				ASSETCATALOG_COMPILER_APPICON_NAME = AppIcon;
				CODE_SIGN_STYLE = Automatic;
				DEVELOPMENT_TEAM = EF35XVWC37;
				INFOPLIST_FILE = NJUhr/Info.plist;
				LD_RUNPATH_SEARCH_PATHS = "$(inherited) @executable_path/Frameworks";
				LIBRARY_SEARCH_PATHS = (
					"<Multiple",
					"values>",
					"${SRCROOT}/**",
				);
				OTHER_LDFLAGS = "$(inherited)";
				PRODUCT_BUNDLE_IDENTIFIER = cn.edu.nju.NJUhr;
				PRODUCT_NAME = "$(TARGET_NAME)";
				SWIFT_VERSION = 5.0;
				TARGETED_DEVICE_FAMILY = "1,2";
				USER_HEADER_SEARCH_PATHS = "${SRCROOT}/**";
			};
			name = Release;
		};
/* End XCBuildConfiguration section */

/* Begin XCConfigurationList section */
		1828B17523B05A6A00217927 /* Build configuration list for PBXProject "NJUhr" */ = {
			isa = XCConfigurationList;
			buildConfigurations = (
				1828B18C23B05A6E00217927 /* Debug */,
				1828B18D23B05A6E00217927 /* Release */,
			);
			defaultConfigurationIsVisible = 0;
			defaultConfigurationName = Release;
		};
		1828B18E23B05A6E00217927 /* Build configuration list for PBXNativeTarget "NJUhr" */ = {
			isa = XCConfigurationList;
			buildConfigurations = (
				1828B18F23B05A6E00217927 /* Debug */,
				1828B19023B05A6E00217927 /* Release */,
			);
			defaultConfigurationIsVisible = 0;
			defaultConfigurationName = Release;
		};
/* End XCConfigurationList section */
	};
	rootObject = 1828B17223B05A6A00217927 /* Project object */;
}
